
Microsoft Visual Studio Solution File, Format Version 12.00
# Visual Studio Version 17
VisualStudioVersion = 17.0.31912.275
MinimumVisualStudioVersion = 10.0.40219.1
Project("{9A19103F-16F7-4668-BE54-9A1E7A4F7556}") = "SplitgateReplayReader", "SplitgateReplayReader\SplitgateReplayReader.csproj", "{8E13782E-2F32-47B9-AE64-72ABE80E5917}"
EndProject
Project("{9A19103F-16F7-4668-BE54-9A1E7A4F7556}") = "ConsoleReader", "ConsoleReader\ConsoleReader.csproj", "{A48D5095-30FF-4F20-86A6-751201BC7FA8}"
EndProject
Project("{2150E333-8FDC-42A3-9474-1A3956D46DE8}") = "Solution Items", "Solution Items", "{D8D6B81F-86F0-4B36-A3A8-9C04A432F3BF}"
	ProjectSection(SolutionItems) = preProject
		.editorconfig = .editorconfig
	EndProjectSection
EndProject
Global
	GlobalSection(SolutionConfigurationPlatforms) = preSolution
		Debug|Any CPU = Debug|Any CPU
		Release|Any CPU = Release|Any CPU
	EndGlobalSection
	GlobalSection(ProjectConfigurationPlatforms) = postSolution
		{8E13782E-2F32-47B9-AE64-72ABE80E5917}.Debug|Any CPU.ActiveCfg = Debug|Any CPU
		{8E13782E-2F32-47B9-AE64-72ABE80E5917}.Debug|Any CPU.Build.0 = Debug|Any CPU
		{8E13782E-2F32-47B9-AE64-72ABE80E5917}.Release|Any CPU.ActiveCfg = Release|Any CPU
		{8E13782E-2F32-47B9-AE64-72ABE80E5917}.Release|Any CPU.Build.0 = Release|Any CPU
		{A48D5095-30FF-4F20-86A6-751201BC7FA8}.Debug|Any CPU.ActiveCfg = Debug|Any CPU
		{A48D5095-30FF-4F20-86A6-751201BC7FA8}.Debug|Any CPU.Build.0 = Debug|Any CPU
		{A48D5095-30FF-4F20-86A6-751201BC7FA8}.Release|Any CPU.ActiveCfg = Release|Any CPU
		{A48D5095-30FF-4F20-86A6-751201BC7FA8}.Release|Any CPU.Build.0 = Release|Any CPU
	EndGlobalSection
	GlobalSection(SolutionProperties) = preSolution
		HideSolutionNode = FALSE
	EndGlobalSection
	GlobalSection(ExtensibilityGlobals) = postSolution
		SolutionGuid = {A177B473-0EA2-45C0-BC86-60D3A26FF6E9}
	EndGlobalSection
EndGlobal
